
Microsoft Visual Studio Solution File, Format Version 12.00
# Visual Studio Version 17
VisualStudioVersion = 17.5.33627.172
MinimumVisualStudioVersion = 10.0.40219.1
Project("{888888A0-9F3D-457C-B088-3A5042F75D52}") = "Python- pdf to voice", "Python- pdf to voice.pyproj", "{809144A0-0E90-4C32-96EE-8E8531622081}"
EndProject
Global
	GlobalSection(SolutionConfigurationPlatforms) = preSolution
		Debug|Any CPU = Debug|Any CPU
		Release|Any CPU = Release|Any CPU
	EndGlobalSection
	GlobalSection(ProjectConfigurationPlatforms) = postSolution
		{809144A0-0E90-4C32-96EE-8E8531622081}.Debug|Any CPU.ActiveCfg = Debug|Any CPU
		{809144A0-0E90-4C32-96EE-8E8531622081}.Release|Any CPU.ActiveCfg = Release|Any CPU
	EndGlobalSection
	GlobalSection(SolutionProperties) = preSolution
		HideSolutionNode = FALSE
	EndGlobalSection
	GlobalSection(ExtensibilityGlobals) = postSolution
		SolutionGuid = {187E7472-16C1-47D9-9A17-FC477040693B}
	EndGlobalSection
EndGlobal
